// !$*UTF8*$!
{
	archiveVersion = 1;
	classes = {
	};
	objectVersion = 46;
	objects = {

/* Begin PBXBuildFile section */
		57FE8FD11CECC0B30002C359 /* UIView+Helper.m in Sources */ = {isa = PBXBuildFile; fileRef = 57FE8FD01CECC0B30002C359 /* UIView+Helper.m */; };
		BD5CF3A41CBC0C970099DA9B /* CalculationsUtils.m in Sources */ = {isa = PBXBuildFile; fileRef = BD5CF39B1CBC0C970099DA9B /* CalculationsUtils.m */; };
		BD5CF3A51CBC0C970099DA9B /* UILabel+Subview.m in Sources */ = {isa = PBXBuildFile; fileRef = BD5CF39D1CBC0C970099DA9B /* UILabel+Subview.m */; };
		BD5CF3A61CBC0C970099DA9B /* UIView+HorizontalView.m in Sources */ = {isa = PBXBuildFile; fileRef = BD5CF39F1CBC0C970099DA9B /* UIView+HorizontalView.m */; };
		BD5CF3A71CBC0C970099DA9B /* UIView+Shadow.m in Sources */ = {isa = PBXBuildFile; fileRef = BD5CF3A11CBC0C970099DA9B /* UIView+Shadow.m */; };
		BD5CF3A81CBC0C970099DA9B /* UIView+Subviews.m in Sources */ = {isa = PBXBuildFile; fileRef = BD5CF3A31CBC0C970099DA9B /* UIView+Subviews.m */; };
		BD5CF3AE1CBC11D20099DA9B /* UIImage+SocialNetworks.m in Sources */ = {isa = PBXBuildFile; fileRef = BD5CF3AD1CBC11D20099DA9B /* UIImage+SocialNetworks.m */; };
		BDE5A3FD1CB35D6200F1D749 /* main.m in Sources */ = {isa = PBXBuildFile; fileRef = BDE5A3FC1CB35D6200F1D749 /* main.m */; };
		BDE5A4001CB35D6200F1D749 /* AppDelegate.m in Sources */ = {isa = PBXBuildFile; fileRef = BDE5A3FF1CB35D6200F1D749 /* AppDelegate.m */; };
		BDE5A4031CB35D6200F1D749 /* ViewController.m in Sources */ = {isa = PBXBuildFile; fileRef = BDE5A4021CB35D6200F1D749 /* ViewController.m */; };
		BDE5A4081CB35D6200F1D749 /* Assets.xcassets in Resources */ = {isa = PBXBuildFile; fileRef = BDE5A4071CB35D6200F1D749 /* Assets.xcassets */; };
		BDE5A40B1CB35D6200F1D749 /* LaunchScreen.storyboard in Resources */ = {isa = PBXBuildFile; fileRef = BDE5A4091CB35D6200F1D749 /* LaunchScreen.storyboard */; };
		BDE5A4131CB35D9900F1D749 /* Main.storyboard in Resources */ = {isa = PBXBuildFile; fileRef = BDE5A4121CB35D9900F1D749 /* Main.storyboard */; };
/* End PBXBuildFile section */

/* Begin PBXFileReference section */
		57FE8FCF1CECC0B30002C359 /* UIView+Helper.h */ = {isa = PBXFileReference; fileEncoding = 4; lastKnownFileType = sourcecode.c.h; path = "UIView+Helper.h"; sourceTree = "<group>"; };
		57FE8FD01CECC0B30002C359 /* UIView+Helper.m */ = {isa = PBXFileReference; fileEncoding = 4; lastKnownFileType = sourcecode.c.objc; path = "UIView+Helper.m"; sourceTree = "<group>"; };
		BD5CF39A1CBC0C970099DA9B /* CalculationsUtils.h */ = {isa = PBXFileReference; fileEncoding = 4; lastKnownFileType = sourcecode.c.h; name = CalculationsUtils.h; path = ../../DMHorizontalView/CalculationsUtils.h; sourceTree = "<group>"; };
		BD5CF39B1CBC0C970099DA9B /* CalculationsUtils.m */ = {isa = PBXFileReference; fileEncoding = 4; lastKnownFileType = sourcecode.c.objc; name = CalculationsUtils.m; path = ../../DMHorizontalView/CalculationsUtils.m; sourceTree = "<group>"; };
		BD5CF39C1CBC0C970099DA9B /* UILabel+Subview.h */ = {isa = PBXFileReference; fileEncoding = 4; lastKnownFileType = sourcecode.c.h; name = "UILabel+Subview.h"; path = "../../DMHorizontalView/UILabel+Subview.h"; sourceTree = "<group>"; };
		BD5CF39D1CBC0C970099DA9B /* UILabel+Subview.m */ = {isa = PBXFileReference; fileEncoding = 4; lastKnownFileType = sourcecode.c.objc; name = "UILabel+Subview.m"; path = "../../DMHorizontalView/UILabel+Subview.m"; sourceTree = "<group>"; };
		BD5CF39E1CBC0C970099DA9B /* UIView+HorizontalView.h */ = {isa = PBXFileReference; fileEncoding = 4; lastKnownFileType = sourcecode.c.h; name = "UIView+HorizontalView.h"; path = "../../DMHorizontalView/UIView+HorizontalView.h"; sourceTree = "<group>"; };
		BD5CF39F1CBC0C970099DA9B /* UIView+HorizontalView.m */ = {isa = PBXFileReference; fileEncoding = 4; lastKnownFileType = sourcecode.c.objc; name = "UIView+HorizontalView.m"; path = "../../DMHorizontalView/UIView+HorizontalView.m"; sourceTree = "<group>"; };
		BD5CF3A01CBC0C970099DA9B /* UIView+Shadow.h */ = {isa = PBXFileReference; fileEncoding = 4; lastKnownFileType = sourcecode.c.h; name = "UIView+Shadow.h"; path = "../../DMHorizontalView/UIView+Shadow.h"; sourceTree = "<group>"; };
		BD5CF3A11CBC0C970099DA9B /* UIView+Shadow.m */ = {isa = PBXFileReference; fileEncoding = 4; lastKnownFileType = sourcecode.c.objc; name = "UIView+Shadow.m"; path = "../../DMHorizontalView/UIView+Shadow.m"; sourceTree = "<group>"; };
		BD5CF3A21CBC0C970099DA9B /* UIView+Subviews.h */ = {isa = PBXFileReference; fileEncoding = 4; lastKnownFileType = sourcecode.c.h; name = "UIView+Subviews.h"; path = "../../DMHorizontalView/UIView+Subviews.h"; sourceTree = "<group>"; };
		BD5CF3A31CBC0C970099DA9B /* UIView+Subviews.m */ = {isa = PBXFileReference; fileEncoding = 4; lastKnownFileType = sourcecode.c.objc; name = "UIView+Subviews.m"; path = "../../DMHorizontalView/UIView+Subviews.m"; sourceTree = "<group>"; };
		BD5CF3AC1CBC11D20099DA9B /* UIImage+SocialNetworks.h */ = {isa = PBXFileReference; fileEncoding = 4; lastKnownFileType = sourcecode.c.h; path = "UIImage+SocialNetworks.h"; sourceTree = "<group>"; };
		BD5CF3AD1CBC11D20099DA9B /* UIImage+SocialNetworks.m */ = {isa = PBXFileReference; fileEncoding = 4; lastKnownFileType = sourcecode.c.objc; path = "UIImage+SocialNetworks.m"; sourceTree = "<group>"; };
		BDE5A3F81CB35D6200F1D749 /* Demo.app */ = {isa = PBXFileReference; explicitFileType = wrapper.application; includeInIndex = 0; path = Demo.app; sourceTree = BUILT_PRODUCTS_DIR; };
		BDE5A3FC1CB35D6200F1D749 /* main.m */ = {isa = PBXFileReference; lastKnownFileType = sourcecode.c.objc; path = main.m; sourceTree = "<group>"; };
		BDE5A3FE1CB35D6200F1D749 /* AppDelegate.h */ = {isa = PBXFileReference; lastKnownFileType = sourcecode.c.h; name = AppDelegate.h; path = Demo/AppDelegate.h; sourceTree = "<group>"; };
		BDE5A3FF1CB35D6200F1D749 /* AppDelegate.m */ = {isa = PBXFileReference; lastKnownFileType = sourcecode.c.objc; name = AppDelegate.m; path = Demo/AppDelegate.m; sourceTree = "<group>"; };
		BDE5A4011CB35D6200F1D749 /* ViewController.h */ = {isa = PBXFileReference; lastKnownFileType = sourcecode.c.h; name = ViewController.h; path = Demo/ViewController.h; sourceTree = "<group>"; };
		BDE5A4021CB35D6200F1D749 /* ViewController.m */ = {isa = PBXFileReference; lastKnownFileType = sourcecode.c.objc; name = ViewController.m; path = Demo/ViewController.m; sourceTree = "<group>"; };
		BDE5A4071CB35D6200F1D749 /* Assets.xcassets */ = {isa = PBXFileReference; lastKnownFileType = folder.assetcatalog; name = Assets.xcassets; path = Demo/Assets.xcassets; sourceTree = "<group>"; };
		BDE5A40A1CB35D6200F1D749 /* Base */ = {isa = PBXFileReference; lastKnownFileType = file.storyboard; name = Base; path = Base.lproj/LaunchScreen.storyboard; sourceTree = "<group>"; };
		BDE5A40C1CB35D6200F1D749 /* Info.plist */ = {isa = PBXFileReference; lastKnownFileType = text.plist.xml; name = Info.plist; path = Demo/Info.plist; sourceTree = "<group>"; };
		BDE5A4121CB35D9900F1D749 /* Main.storyboard */ = {isa = PBXFileReference; fileEncoding = 4; lastKnownFileType = file.storyboard; name = Main.storyboard; path = Demo/Main.storyboard; sourceTree = "<group>"; };
/* End PBXFileReference section */

/* Begin PBXFrameworksBuildPhase section */
		BDE5A3F51CB35D6200F1D749 /* Frameworks */ = {
			isa = PBXFrameworksBuildPhase;
			buildActionMask = 2147483647;
			files = (
			);
			runOnlyForDeploymentPostprocessing = 0;
		};
/* End PBXFrameworksBuildPhase section */

/* Begin PBXGroup section */
		BD5CF3A91CBC0CA50099DA9B /* DMHorizontalView */ = {
			isa = PBXGroup;
			children = (
				57FE8FCF1CECC0B30002C359 /* UIView+Helper.h */,
				57FE8FD01CECC0B30002C359 /* UIView+Helper.m */,
				BD5CF39A1CBC0C970099DA9B /* CalculationsUtils.h */,
				BD5CF39B1CBC0C970099DA9B /* CalculationsUtils.m */,
				BD5CF39C1CBC0C970099DA9B /* UILabel+Subview.h */,
				BD5CF39D1CBC0C970099DA9B /* UILabel+Subview.m */,
				BD5CF39E1CBC0C970099DA9B /* UIView+HorizontalView.h */,
				BD5CF39F1CBC0C970099DA9B /* UIView+HorizontalView.m */,
				BD5CF3A01CBC0C970099DA9B /* UIView+Shadow.h */,
				BD5CF3A11CBC0C970099DA9B /* UIView+Shadow.m */,
				BD5CF3A21CBC0C970099DA9B /* UIView+Subviews.h */,
				BD5CF3A31CBC0C970099DA9B /* UIView+Subviews.m */,
			);
			name = DMHorizontalView;
			path = Demo;
			sourceTree = "<group>";
		};
		BD5CF3AB1CBC11BF0099DA9B /* Categories */ = {
			isa = PBXGroup;
			children = (
				BD5CF3AC1CBC11D20099DA9B /* UIImage+SocialNetworks.h */,
				BD5CF3AD1CBC11D20099DA9B /* UIImage+SocialNetworks.m */,
			);
			name = Categories;
			sourceTree = "<group>";
		};
		BDE5A3EF1CB35D6200F1D749 = {
			isa = PBXGroup;
			children = (
				BDE5A3FA1CB35D6200F1D749 /* Demo */,
				BD5CF3A91CBC0CA50099DA9B /* DMHorizontalView */,
				BDE5A3FE1CB35D6200F1D749 /* AppDelegate.h */,
				BD5CF3AB1CBC11BF0099DA9B /* Categories */,
				BDE5A3FF1CB35D6200F1D749 /* AppDelegate.m */,
				BDE5A4011CB35D6200F1D749 /* ViewController.h */,
				BDE5A4021CB35D6200F1D749 /* ViewController.m */,
				BDE5A4071CB35D6200F1D749 /* Assets.xcassets */,
				BDE5A4121CB35D9900F1D749 /* Main.storyboard */,
				BDE5A4091CB35D6200F1D749 /* LaunchScreen.storyboard */,
				BDE5A40C1CB35D6200F1D749 /* Info.plist */,
				BDE5A3FB1CB35D6200F1D749 /* Supporting Files */,
				BDE5A3F91CB35D6200F1D749 /* Products */,
			);
			sourceTree = "<group>";
		};
		BDE5A3F91CB35D6200F1D749 /* Products */ = {
			isa = PBXGroup;
			children = (
				BDE5A3F81CB35D6200F1D749 /* Demo.app */,
			);
			name = Products;
			sourceTree = "<group>";
		};
		BDE5A3FA1CB35D6200F1D749 /* Demo */ = {
			isa = PBXGroup;
			children = (
			);
			path = Demo;
			sourceTree = "<group>";
		};
		BDE5A3FB1CB35D6200F1D749 /* Supporting Files */ = {
			isa = PBXGroup;
			children = (
				BDE5A3FC1CB35D6200F1D749 /* main.m */,
			);
			name = "Supporting Files";
			path = Demo;
			sourceTree = "<group>";
		};
/* End PBXGroup section */

/* Begin PBXNativeTarget section */
		BDE5A3F71CB35D6200F1D749 /* Demo */ = {
			isa = PBXNativeTarget;
			buildConfigurationList = BDE5A40F1CB35D6200F1D749 /* Build configuration list for PBXNativeTarget "Demo" */;
			buildPhases = (
				BDE5A3F41CB35D6200F1D749 /* Sources */,
				BDE5A3F51CB35D6200F1D749 /* Frameworks */,
				BDE5A3F61CB35D6200F1D749 /* Resources */,
			);
			buildRules = (
			);
			dependencies = (
			);
			name = Demo;
			productName = Demo;
			productReference = BDE5A3F81CB35D6200F1D749 /* Demo.app */;
			productType = "com.apple.product-type.application";
		};
/* End PBXNativeTarget section */

/* Begin PBXProject section */
		BDE5A3F01CB35D6200F1D749 /* Project object */ = {
			isa = PBXProject;
			attributes = {
				LastUpgradeCheck = 0730;
				ORGANIZATIONNAME = Davaur;
				TargetAttributes = {
					BDE5A3F71CB35D6200F1D749 = {
						CreatedOnToolsVersion = 7.3;
					};
				};
			};
			buildConfigurationList = BDE5A3F31CB35D6200F1D749 /* Build configuration list for PBXProject "Demo" */;
			compatibilityVersion = "Xcode 3.2";
			developmentRegion = English;
			hasScannedForEncodings = 0;
			knownRegions = (
				en,
				Base,
			);
			mainGroup = BDE5A3EF1CB35D6200F1D749;
			productRefGroup = BDE5A3F91CB35D6200F1D749 /* Products */;
			projectDirPath = "";
			projectRoot = "";
			targets = (
				BDE5A3F71CB35D6200F1D749 /* Demo */,
			);
		};
/* End PBXProject section */

/* Begin PBXResourcesBuildPhase section */
		BDE5A3F61CB35D6200F1D749 /* Resources */ = {
			isa = PBXResourcesBuildPhase;
			buildActionMask = 2147483647;
			files = (
				BDE5A4131CB35D9900F1D749 /* Main.storyboard in Resources */,
				BDE5A40B1CB35D6200F1D749 /* LaunchScreen.storyboard in Resources */,
				BDE5A4081CB35D6200F1D749 /* Assets.xcassets in Resources */,
			);
			runOnlyForDeploymentPostprocessing = 0;
		};
/* End PBXResourcesBuildPhase section */

/* Begin PBXSourcesBuildPhase section */
		BDE5A3F41CB35D6200F1D749 /* Sources */ = {
			isa = PBXSourcesBuildPhase;
			buildActionMask = 2147483647;
			files = (
				BD5CF3A81CBC0C970099DA9B /* UIView+Subviews.m in Sources */,
				BDE5A4031CB35D6200F1D749 /* ViewController.m in Sources */,
				BD5CF3AE1CBC11D20099DA9B /* UIImage+SocialNetworks.m in Sources */,
				BD5CF3A61CBC0C970099DA9B /* UIView+HorizontalView.m in Sources */,
				57FE8FD11CECC0B30002C359 /* UIView+Helper.m in Sources */,
				BD5CF3A41CBC0C970099DA9B /* CalculationsUtils.m in Sources */,
				BDE5A4001CB35D6200F1D749 /* AppDelegate.m in Sources */,
				BDE5A3FD1CB35D6200F1D749 /* main.m in Sources */,
				BD5CF3A71CBC0C970099DA9B /* UIView+Shadow.m in Sources */,
				BD5CF3A51CBC0C970099DA9B /* UILabel+Subview.m in Sources */,
			);
			runOnlyForDeploymentPostprocessing = 0;
		};
/* End PBXSourcesBuildPhase section */

/* Begin PBXVariantGroup section */
		BDE5A4091CB35D6200F1D749 /* LaunchScreen.storyboard */ = {
			isa = PBXVariantGroup;
			children = (
				BDE5A40A1CB35D6200F1D749 /* Base */,
			);
			name = LaunchScreen.storyboard;
			path = Demo;
			sourceTree = "<group>";
		};
/* End PBXVariantGroup section */

/* Begin XCBuildConfiguration section */
		BDE5A40D1CB35D6200F1D749 /* Debug */ = {
			isa = XCBuildConfiguration;
			buildSettings = {
				ALWAYS_SEARCH_USER_PATHS = NO;
				CLANG_ANALYZER_NONNULL = YES;
				CLANG_CXX_LANGUAGE_STANDARD = "gnu++0x";
				CLANG_CXX_LIBRARY = "libc++";
				CLANG_ENABLE_MODULES = YES;
				CLANG_ENABLE_OBJC_ARC = YES;
				CLANG_WARN_BOOL_CONVERSION = YES;
				CLANG_WARN_CONSTANT_CONVERSION = YES;
				CLANG_WARN_DIRECT_OBJC_ISA_USAGE = YES_ERROR;
				CLANG_WARN_EMPTY_BODY = YES;
				CLANG_WARN_ENUM_CONVERSION = YES;
				CLANG_WARN_INT_CONVERSION = YES;
				CLANG_WARN_OBJC_ROOT_CLASS = YES_ERROR;
				CLANG_WARN_UNREACHABLE_CODE = YES;
				CLANG_WARN__DUPLICATE_METHOD_MATCH = YES;
				"CODE_SIGN_IDENTITY[sdk=iphoneos*]" = "iPhone Developer";
				COPY_PHASE_STRIP = NO;
				DEBUG_INFORMATION_FORMAT = dwarf;
				ENABLE_STRICT_OBJC_MSGSEND = YES;
				ENABLE_TESTABILITY = YES;
				GCC_C_LANGUAGE_STANDARD = gnu99;
				GCC_DYNAMIC_NO_PIC = NO;
				GCC_NO_COMMON_BLOCKS = YES;
				GCC_OPTIMIZATION_LEVEL = 0;
				GCC_PREPROCESSOR_DEFINITIONS = (
					"DEBUG=1",
					"$(inherited)",
				);
				GCC_WARN_64_TO_32_BIT_CONVERSION = YES;
				GCC_WARN_ABOUT_RETURN_TYPE = YES_ERROR;
				GCC_WARN_UNDECLARED_SELECTOR = YES;
				GCC_WARN_UNINITIALIZED_AUTOS = YES_AGGRESSIVE;
				GCC_WARN_UNUSED_FUNCTION = YES;
				GCC_WARN_UNUSED_VARIABLE = YES;
				IPHONEOS_DEPLOYMENT_TARGET = 9.3;
				MTL_ENABLE_DEBUG_INFO = YES;
				ONLY_ACTIVE_ARCH = YES;
				SDKROOT = iphoneos;
			};
			name = Debug;
		};
		BDE5A40E1CB35D6200F1D749 /* Release */ = {
			isa = XCBuildConfiguration;
			buildSettings = {
				ALWAYS_SEARCH_USER_PATHS = NO;
				CLANG_ANALYZER_NONNULL = YES;
				CLANG_CXX_LANGUAGE_STANDARD = "gnu++0x";
				CLANG_CXX_LIBRARY = "libc++";
				CLANG_ENABLE_MODULES = YES;
				CLANG_ENABLE_OBJC_ARC = YES;
				CLANG_WARN_BOOL_CONVERSION = YES;
				CLANG_WARN_CONSTANT_CONVERSION = YES;
				CLANG_WARN_DIRECT_OBJC_ISA_USAGE = YES_ERROR;
				CLANG_WARN_EMPTY_BODY = YES;
				CLANG_WARN_ENUM_CONVERSION = YES;
				CLANG_WARN_INT_CONVERSION = YES;
				CLANG_WARN_OBJC_ROOT_CLASS = YES_ERROR;
				CLANG_WARN_UNREACHABLE_CODE = YES;
				CLANG_WARN__DUPLICATE_METHOD_MATCH = YES;
				"CODE_SIGN_IDENTITY[sdk=iphoneos*]" = "iPhone Developer";
				COPY_PHASE_STRIP = NO;
				DEBUG_INFORMATION_FORMAT = "dwarf-with-dsym";
				ENABLE_NS_ASSERTIONS = NO;
				ENABLE_STRICT_OBJC_MSGSEND = YES;
				GCC_C_LANGUAGE_STANDARD = gnu99;
				GCC_NO_COMMON_BLOCKS = YES;
				GCC_WARN_64_TO_32_BIT_CONVERSION = YES;
				GCC_WARN_ABOUT_RETURN_TYPE = YES_ERROR;
				GCC_WARN_UNDECLARED_SELECTOR = YES;
				GCC_WARN_UNINITIALIZED_AUTOS = YES_AGGRESSIVE;
				GCC_WARN_UNUSED_FUNCTION = YES;
				GCC_WARN_UNUSED_VARIABLE = YES;
				IPHONEOS_DEPLOYMENT_TARGET = 9.3;
				MTL_ENABLE_DEBUG_INFO = NO;
				SDKROOT = iphoneos;
				VALIDATE_PRODUCT = YES;
			};
			name = Release;
		};
		BDE5A4101CB35D6200F1D749 /* Debug */ = {
			isa = XCBuildConfiguration;
			buildSettings = {
				ASSETCATALOG_COMPILER_APPICON_NAME = AppIcon;
				INFOPLIST_FILE = Demo/Info.plist;
				LD_RUNPATH_SEARCH_PATHS = "$(inherited) @executable_path/Frameworks";
				PRODUCT_BUNDLE_IDENTIFIER = "com.-Davaur.Demo";
				PRODUCT_NAME = "$(TARGET_NAME)";
			};
			name = Debug;
		};
		BDE5A4111CB35D6200F1D749 /* Release */ = {
			isa = XCBuildConfiguration;
			buildSettings = {
				ASSETCATALOG_COMPILER_APPICON_NAME = AppIcon;
				INFOPLIST_FILE = Demo/Info.plist;
				LD_RUNPATH_SEARCH_PATHS = "$(inherited) @executable_path/Frameworks";
				PRODUCT_BUNDLE_IDENTIFIER = "com.-Davaur.Demo";
				PRODUCT_NAME = "$(TARGET_NAME)";
			};
			name = Release;
		};
/* End XCBuildConfiguration section */

/* Begin XCConfigurationList section */
		BDE5A3F31CB35D6200F1D749 /* Build configuration list for PBXProject "Demo" */ = {
			isa = XCConfigurationList;
			buildConfigurations = (
				BDE5A40D1CB35D6200F1D749 /* Debug */,
				BDE5A40E1CB35D6200F1D749 /* Release */,
			);
			defaultConfigurationIsVisible = 0;
			defaultConfigurationName = Release;
		};
		BDE5A40F1CB35D6200F1D749 /* Build configuration list for PBXNativeTarget "Demo" */ = {
			isa = XCConfigurationList;
			buildConfigurations = (
				BDE5A4101CB35D6200F1D749 /* Debug */,
				BDE5A4111CB35D6200F1D749 /* Release */,
			);
			defaultConfigurationIsVisible = 0;
			defaultConfigurationName = Release;
		};
/* End XCConfigurationList section */
	};
	rootObject = BDE5A3F01CB35D6200F1D749 /* Project object */;
}
